
Microsoft Visual Studio Solution File, Format Version 12.00
Project("{FAE04EC0-301F-11D3-BF4B-00C04F79EFBC}") = "ToDoList", "ToDoList\ToDoList.csproj", "{5FEFC390-CA73-4D01-9FB0-CA0476AB31A9}"
EndProject
Project("{FAE04EC0-301F-11D3-BF4B-00C04F79EFBC}") = "ToDoListTests", "ToDoListTests\ToDoListTests.csproj", "{637FD7CA-5E35-418A-8CF7-1B58578433F4}"
EndProject
Global
	GlobalSection(SolutionConfigurationPlatforms) = preSolution
		Debug|Any CPU = Debug|Any CPU
		Release|Any CPU = Release|Any CPU
	EndGlobalSection
	GlobalSection(ProjectConfigurationPlatforms) = postSolution
		{5FEFC390-CA73-4D01-9FB0-CA0476AB31A9}.Debug|Any CPU.ActiveCfg = Debug|Any CPU
		{5FEFC390-CA73-4D01-9FB0-CA0476AB31A9}.Debug|Any CPU.Build.0 = Debug|Any CPU
		{5FEFC390-CA73-4D01-9FB0-CA0476AB31A9}.Release|Any CPU.ActiveCfg = Release|Any CPU
		{5FEFC390-CA73-4D01-9FB0-CA0476AB31A9}.Release|Any CPU.Build.0 = Release|Any CPU
		{637FD7CA-5E35-418A-8CF7-1B58578433F4}.Debug|Any CPU.ActiveCfg = Debug|Any CPU
		{637FD7CA-5E35-418A-8CF7-1B58578433F4}.Debug|Any CPU.Build.0 = Debug|Any CPU
		{637FD7CA-5E35-418A-8CF7-1B58578433F4}.Release|Any CPU.ActiveCfg = Release|Any CPU
		{637FD7CA-5E35-418A-8CF7-1B58578433F4}.Release|Any CPU.Build.0 = Release|Any CPU
	EndGlobalSection
EndGlobal
